
Microsoft Visual Studio Solution File, Format Version 12.00
# Visual Studio Version 16
VisualStudioVersion = 16.0.32126.315
MinimumVisualStudioVersion = 10.0.40219.1
Project("{FAE04EC0-301F-11D3-BF4B-00C04F79EFBC}") = "Nachkalkulationsanwendung", "Nachkalkulationsanwendung\Nachkalkulationsanwendung.csproj", "{2D4B56F6-84E0-4513-8E9A-70E0A4C37FAF}"
EndProject
Project("{FAE04EC0-301F-11D3-BF4B-00C04F79EFBC}") = "Library", "Library\Library.csproj", "{2BB62B5E-708E-4235-B655-76C3EBF36B7A}"
EndProject
Global
	GlobalSection(SolutionConfigurationPlatforms) = preSolution
		Debug|Any CPU = Debug|Any CPU
		Release|Any CPU = Release|Any CPU
	EndGlobalSection
	GlobalSection(ProjectConfigurationPlatforms) = postSolution
		{2D4B56F6-84E0-4513-8E9A-70E0A4C37FAF}.Debug|Any CPU.ActiveCfg = Debug|Any CPU
		{2D4B56F6-84E0-4513-8E9A-70E0A4C37FAF}.Debug|Any CPU.Build.0 = Debug|Any CPU
		{2D4B56F6-84E0-4513-8E9A-70E0A4C37FAF}.Release|Any CPU.ActiveCfg = Release|Any CPU
		{2D4B56F6-84E0-4513-8E9A-70E0A4C37FAF}.Release|Any CPU.Build.0 = Release|Any CPU
		{2BB62B5E-708E-4235-B655-76C3EBF36B7A}.Debug|Any CPU.ActiveCfg = Debug|Any CPU
		{2BB62B5E-708E-4235-B655-76C3EBF36B7A}.Debug|Any CPU.Build.0 = Debug|Any CPU
		{2BB62B5E-708E-4235-B655-76C3EBF36B7A}.Release|Any CPU.ActiveCfg = Release|Any CPU
		{2BB62B5E-708E-4235-B655-76C3EBF36B7A}.Release|Any CPU.Build.0 = Release|Any CPU
	EndGlobalSection
	GlobalSection(SolutionProperties) = preSolution
		HideSolutionNode = FALSE
	EndGlobalSection
	GlobalSection(ExtensibilityGlobals) = postSolution
		SolutionGuid = {A78CB75B-84A8-472E-98BA-D2A2E9EDE88B}
	EndGlobalSection
EndGlobal
